
Microsoft Visual Studio Solution File, Format Version 12.00
# Visual Studio Version 17
VisualStudioVersion = 17.0.32126.317
MinimumVisualStudioVersion = 10.0.40219.1
Project("{FAE04EC0-301F-11D3-BF4B-00C04F79EFBC}") = "ModernDesign", "ModernDesign\ModernDesign.csproj", "{39CA0A20-A0E8-44AF-815B-1A8179350312}"
EndProject
Global
	GlobalSection(SolutionConfigurationPlatforms) = preSolution
		Debug|Any CPU = Debug|Any CPU
		Release|Any CPU = Release|Any CPU
	EndGlobalSection
	GlobalSection(ProjectConfigurationPlatforms) = postSolution
		{39CA0A20-A0E8-44AF-815B-1A8179350312}.Debug|Any CPU.ActiveCfg = Debug|Any CPU
		{39CA0A20-A0E8-44AF-815B-1A8179350312}.Debug|Any CPU.Build.0 = Debug|Any CPU
		{39CA0A20-A0E8-44AF-815B-1A8179350312}.Release|Any CPU.ActiveCfg = Release|Any CPU
		{39CA0A20-A0E8-44AF-815B-1A8179350312}.Release|Any CPU.Build.0 = Release|Any CPU
	EndGlobalSection
	GlobalSection(SolutionProperties) = preSolution
		HideSolutionNode = FALSE
	EndGlobalSection
	GlobalSection(ExtensibilityGlobals) = postSolution
		SolutionGuid = {6FC4183D-13DD-4192-AEF8-E40E966D9926}
	EndGlobalSection
EndGlobal
